
Microsoft Visual Studio Solution File, Format Version 12.00
# Visual Studio Version 16
VisualStudioVersion = 16.0.29020.237
MinimumVisualStudioVersion = 10.0.40219.1
Project("{9A19103F-16F7-4668-BE54-9A1E7A4F7556}") = "RedNeuronal", "RedNeuronal.csproj", "{70AD2EC8-1706-466A-BF6E-BD03B3B90C5D}"
EndProject
Global
	GlobalSection(SolutionConfigurationPlatforms) = preSolution
		Debug|Any CPU = Debug|Any CPU
		Release|Any CPU = Release|Any CPU
	EndGlobalSection
	GlobalSection(ProjectConfigurationPlatforms) = postSolution
		{70AD2EC8-1706-466A-BF6E-BD03B3B90C5D}.Debug|Any CPU.ActiveCfg = Debug|Any CPU
		{70AD2EC8-1706-466A-BF6E-BD03B3B90C5D}.Debug|Any CPU.Build.0 = Debug|Any CPU
		{70AD2EC8-1706-466A-BF6E-BD03B3B90C5D}.Release|Any CPU.ActiveCfg = Release|Any CPU
		{70AD2EC8-1706-466A-BF6E-BD03B3B90C5D}.Release|Any CPU.Build.0 = Release|Any CPU
	EndGlobalSection
	GlobalSection(SolutionProperties) = preSolution
		HideSolutionNode = FALSE
	EndGlobalSection
	GlobalSection(ExtensibilityGlobals) = postSolution
		SolutionGuid = {F2752605-F906-4B31-BBFE-9ACC1CAC0417}
	EndGlobalSection
EndGlobal
